
Microsoft Visual Studio Solution File, Format Version 12.00
# Visual Studio Version 16
VisualStudioVersion = 16.0.32510.428
MinimumVisualStudioVersion = 10.0.40219.1
Project("{FAE04EC0-301F-11D3-BF4B-00C04F79EFBC}") = "13-06_Exercie2", "13-06_Exercie2\13-06_Exercie2.csproj", "{00E10CD8-E20C-4315-BF83-AE67702555B2}"
EndProject
Global
	GlobalSection(SolutionConfigurationPlatforms) = preSolution
		Debug|Any CPU = Debug|Any CPU
		Release|Any CPU = Release|Any CPU
	EndGlobalSection
	GlobalSection(ProjectConfigurationPlatforms) = postSolution
		{00E10CD8-E20C-4315-BF83-AE67702555B2}.Debug|Any CPU.ActiveCfg = Debug|Any CPU
		{00E10CD8-E20C-4315-BF83-AE67702555B2}.Debug|Any CPU.Build.0 = Debug|Any CPU
		{00E10CD8-E20C-4315-BF83-AE67702555B2}.Release|Any CPU.ActiveCfg = Release|Any CPU
		{00E10CD8-E20C-4315-BF83-AE67702555B2}.Release|Any CPU.Build.0 = Release|Any CPU
	EndGlobalSection
	GlobalSection(SolutionProperties) = preSolution
		HideSolutionNode = FALSE
	EndGlobalSection
	GlobalSection(ExtensibilityGlobals) = postSolution
		SolutionGuid = {5751D758-0CBE-4B60-A0B8-8A8703ABDAF1}
	EndGlobalSection
EndGlobal
